{
  "lockfileVersion": 1,
  "configVersion": 1,
  "workspaces": {
    "": {
      "name": "memoria",
      "devDependencies": {
        "prettier": "^3.9.6",
        "prettier-plugin-tailwindcss": "^0.8.1",
      },
    },
  },
  "packages": {
    "prettier": ["prettier@3.9.6", "", { "bin": { "prettier": "bin/prettier.cjs" } }, "sha512-OpN0zzVdiaiAhxpuuj5efpIS4sY9j7bY6uR5mnj5yPzGkdkjNKSJeUThPb60Jw29QuAZgA4o+/iB49kFiaBX6g=="],

    "prettier-plugin-tailwindcss": ["prettier-plugin-tailwindcss@0.8.1", "", { "peerDependencies": { "@ianvs/prettier-plugin-sort-imports": "*", "@prettier/plugin-hermes": "*", "@prettier/plugin-oxc": "*", "@prettier/plugin-pug": "*", "@shopify/prettier-plugin-liquid": "*", "@trivago/prettier-plugin-sort-imports": "*", "@zackad/prettier-plugin-twig": "*", "prettier": "^3.0", "prettier-plugin-astro": "*", "prettier-plugin-css-order": "*", "prettier-plugin-jsdoc": "*", "prettier-plugin-marko": "*", "prettier-plugin-multiline-arrays": "*", "prettier-plugin-organize-attributes": "*", "prettier-plugin-organize-imports": "*", "prettier-plugin-sort-imports": "*", "prettier-plugin-svelte": "*" }, "optionalPeers": ["@ianvs/prettier-plugin-sort-imports", "@prettier/plugin-hermes", "@prettier/plugin-oxc", "@prettier/plugin-pug", "@shopify/prettier-plugin-liquid", "@trivago/prettier-plugin-sort-imports", "@zackad/prettier-plugin-twig", "prettier-plugin-astro", "prettier-plugin-css-order", "prettier-plugin-jsdoc", "prettier-plugin-marko", "prettier-plugin-multiline-arrays", "prettier-plugin-organize-attributes", "prettier-plugin-organize-imports", "prettier-plugin-sort-imports", "prettier-plugin-svelte"] }, "sha512-iaFMYqDsE4ffdDkn5qup0j5f2aCEBFZrdrZnvu9QKTlWx/iGPeQ4HHu7b7fCPMxeo9nwQBiOAh2nSypdFYWJkw=="],
  }
}
